
Microsoft Visual Studio Solution File, Format Version 12.00
# Visual Studio Version 17
VisualStudioVersion = 17.1.32421.90
MinimumVisualStudioVersion = 10.0.40219.1
Project("{9A19103F-16F7-4668-BE54-9A1E7A4F7556}") = "01. Train", "01. Train\01. Train.csproj", "{9699BBEF-AFE0-466A-B608-9A6DD4241CA7}"
EndProject
Project("{9A19103F-16F7-4668-BE54-9A1E7A4F7556}") = "02. Common Elements", "02. Common Elements\02. Common Elements.csproj", "{EBF18E60-8475-4445-B0BE-3AC33CACB52E}"
EndProject
Project("{9A19103F-16F7-4668-BE54-9A1E7A4F7556}") = "03. Zig-Zag Arrays", "03. Zig-Zag Arrays\03. Zig-Zag Arrays.csproj", "{36DCA43A-6C90-4CF7-804E-CA17406FD886}"
EndProject
Project("{9A19103F-16F7-4668-BE54-9A1E7A4F7556}") = "04. Array Rotation", "04. Array Rotation\04. Array Rotation.csproj", "{1D263E2E-D436-4624-A4A4-471596700B86}"
EndProject
Project("{9A19103F-16F7-4668-BE54-9A1E7A4F7556}") = "05. Top Integers", "05. Top Integers\05. Top Integers.csproj", "{D4E5D6A5-8047-4BC4-98F5-F868BD4AAE4A}"
EndProject
Project("{FAE04EC0-301F-11D3-BF4B-00C04F79EFBC}") = "06. Equal Sum", "06. Equal Sum\06. Equal Sum.csproj", "{7EF3E46E-9551-4A7D-A49F-CB1514EA5F48}"
EndProject
Project("{FAE04EC0-301F-11D3-BF4B-00C04F79EFBC}") = "07. Max Seq. of Equal Elements", "07. Max Seq. of Equal Elements\07. Max Seq. of Equal Elements.csproj", "{10C22D31-5817-4B2C-A4E0-765C3618AFE1}"
EndProject
Global
	GlobalSection(SolutionConfigurationPlatforms) = preSolution
		Debug|Any CPU = Debug|Any CPU
		Release|Any CPU = Release|Any CPU
	EndGlobalSection
	GlobalSection(ProjectConfigurationPlatforms) = postSolution
		{9699BBEF-AFE0-466A-B608-9A6DD4241CA7}.Debug|Any CPU.ActiveCfg = Debug|Any CPU
		{9699BBEF-AFE0-466A-B608-9A6DD4241CA7}.Debug|Any CPU.Build.0 = Debug|Any CPU
		{9699BBEF-AFE0-466A-B608-9A6DD4241CA7}.Release|Any CPU.ActiveCfg = Release|Any CPU
		{9699BBEF-AFE0-466A-B608-9A6DD4241CA7}.Release|Any CPU.Build.0 = Release|Any CPU
		{EBF18E60-8475-4445-B0BE-3AC33CACB52E}.Debug|Any CPU.ActiveCfg = Debug|Any CPU
		{EBF18E60-8475-4445-B0BE-3AC33CACB52E}.Debug|Any CPU.Build.0 = Debug|Any CPU
		{EBF18E60-8475-4445-B0BE-3AC33CACB52E}.Release|Any CPU.ActiveCfg = Release|Any CPU
		{EBF18E60-8475-4445-B0BE-3AC33CACB52E}.Release|Any CPU.Build.0 = Release|Any CPU
		{36DCA43A-6C90-4CF7-804E-CA17406FD886}.Debug|Any CPU.ActiveCfg = Debug|Any CPU
		{36DCA43A-6C90-4CF7-804E-CA17406FD886}.Debug|Any CPU.Build.0 = Debug|Any CPU
		{36DCA43A-6C90-4CF7-804E-CA17406FD886}.Release|Any CPU.ActiveCfg = Release|Any CPU
		{36DCA43A-6C90-4CF7-804E-CA17406FD886}.Release|Any CPU.Build.0 = Release|Any CPU
		{1D263E2E-D436-4624-A4A4-471596700B86}.Debug|Any CPU.ActiveCfg = Debug|Any CPU
		{1D263E2E-D436-4624-A4A4-471596700B86}.Debug|Any CPU.Build.0 = Debug|Any CPU
		{1D263E2E-D436-4624-A4A4-471596700B86}.Release|Any CPU.ActiveCfg = Release|Any CPU
		{1D263E2E-D436-4624-A4A4-471596700B86}.Release|Any CPU.Build.0 = Release|Any CPU
		{D4E5D6A5-8047-4BC4-98F5-F868BD4AAE4A}.Debug|Any CPU.ActiveCfg = Debug|Any CPU
		{D4E5D6A5-8047-4BC4-98F5-F868BD4AAE4A}.Debug|Any CPU.Build.0 = Debug|Any CPU
		{D4E5D6A5-8047-4BC4-98F5-F868BD4AAE4A}.Release|Any CPU.ActiveCfg = Release|Any CPU
		{D4E5D6A5-8047-4BC4-98F5-F868BD4AAE4A}.Release|Any CPU.Build.0 = Release|Any CPU
		{7EF3E46E-9551-4A7D-A49F-CB1514EA5F48}.Debug|Any CPU.ActiveCfg = Debug|Any CPU
		{7EF3E46E-9551-4A7D-A49F-CB1514EA5F48}.Debug|Any CPU.Build.0 = Debug|Any CPU
		{7EF3E46E-9551-4A7D-A49F-CB1514EA5F48}.Release|Any CPU.ActiveCfg = Release|Any CPU
		{7EF3E46E-9551-4A7D-A49F-CB1514EA5F48}.Release|Any CPU.Build.0 = Release|Any CPU
		{10C22D31-5817-4B2C-A4E0-765C3618AFE1}.Debug|Any CPU.ActiveCfg = Debug|Any CPU
		{10C22D31-5817-4B2C-A4E0-765C3618AFE1}.Debug|Any CPU.Build.0 = Debug|Any CPU
		{10C22D31-5817-4B2C-A4E0-765C3618AFE1}.Release|Any CPU.ActiveCfg = Release|Any CPU
		{10C22D31-5817-4B2C-A4E0-765C3618AFE1}.Release|Any CPU.Build.0 = Release|Any CPU
	EndGlobalSection
	GlobalSection(SolutionProperties) = preSolution
		HideSolutionNode = FALSE
	EndGlobalSection
	GlobalSection(ExtensibilityGlobals) = postSolution
		SolutionGuid = {09F39312-5C0E-46E1-97E2-9BD562475C3A}
	EndGlobalSection
EndGlobal
